
Microsoft Visual Studio Solution File, Format Version 12.00
# Visual Studio Version 17
VisualStudioVersion = 17.6.33723.286
MinimumVisualStudioVersion = 10.0.40219.1
Project("{9A19103F-16F7-4668-BE54-9A1E7A4F7556}") = "WebApplication6", "WebApplication6.csproj", "{153EB7EA-F2FA-40BA-8F12-AB66AF0B56C1}"
EndProject
Global
	GlobalSection(SolutionConfigurationPlatforms) = preSolution
		Debug|Any CPU = Debug|Any CPU
		Release|Any CPU = Release|Any CPU
	EndGlobalSection
	GlobalSection(ProjectConfigurationPlatforms) = postSolution
		{153EB7EA-F2FA-40BA-8F12-AB66AF0B56C1}.Debug|Any CPU.ActiveCfg = Debug|Any CPU
		{153EB7EA-F2FA-40BA-8F12-AB66AF0B56C1}.Debug|Any CPU.Build.0 = Debug|Any CPU
		{153EB7EA-F2FA-40BA-8F12-AB66AF0B56C1}.Release|Any CPU.ActiveCfg = Release|Any CPU
		{153EB7EA-F2FA-40BA-8F12-AB66AF0B56C1}.Release|Any CPU.Build.0 = Release|Any CPU
	EndGlobalSection
	GlobalSection(SolutionProperties) = preSolution
		HideSolutionNode = FALSE
	EndGlobalSection
	GlobalSection(ExtensibilityGlobals) = postSolution
		SolutionGuid = {B5AE6E60-0BD1-4A48-AE01-B391C5A627EA}
	EndGlobalSection
EndGlobal
